
Microsoft Visual Studio Solution File, Format Version 12.00
# Visual Studio Version 17
VisualStudioVersion = 17.14.36301.6 d17.14
MinimumVisualStudioVersion = 10.0.40219.1
Project("{FAE04EC0-301F-11D3-BF4B-00C04F79EFBC}") = "WX", "WX.csproj", "{90B5F730-324F-4C2E-BB82-FEE7F169D70D}"
EndProject
Global
	GlobalSection(SolutionConfigurationPlatforms) = preSolution
		Debug|Any CPU = Debug|Any CPU
		Release|Any CPU = Release|Any CPU
	EndGlobalSection
	GlobalSection(ProjectConfigurationPlatforms) = postSolution
		{90B5F730-324F-4C2E-BB82-FEE7F169D70D}.Debug|Any CPU.ActiveCfg = Debug|Any CPU
		{90B5F730-324F-4C2E-BB82-FEE7F169D70D}.Debug|Any CPU.Build.0 = Debug|Any CPU
		{90B5F730-324F-4C2E-BB82-FEE7F169D70D}.Release|Any CPU.ActiveCfg = Release|Any CPU
		{90B5F730-324F-4C2E-BB82-FEE7F169D70D}.Release|Any CPU.Build.0 = Release|Any CPU
	EndGlobalSection
	GlobalSection(SolutionProperties) = preSolution
		HideSolutionNode = FALSE
	EndGlobalSection
	GlobalSection(ExtensibilityGlobals) = postSolution
		SolutionGuid = {B3EC2E64-63C8-4D4B-AD58-AC9386042683}
	EndGlobalSection
EndGlobal
